
Microsoft Visual Studio Solution File, Format Version 12.00
# Visual Studio 14
VisualStudioVersion = 14.0.23107.0
MinimumVisualStudioVersion = 10.0.40219.1
Project("{2150E333-8FDC-42A3-9474-1A3956D46DE8}") = "Client", "Client", "{19A25AD5-E3C7-44D0-A0C7-927CB9DA335B}"
EndProject
Project("{2150E333-8FDC-42A3-9474-1A3956D46DE8}") = "Server", "Server", "{2640FECD-2755-4F82-9637-85896D315566}"
EndProject
Project("{FAE04EC0-301F-11D3-BF4B-00C04F79EFBC}") = "PseudoDb.Engine", "PseudoDb.Engine\PseudoDb.Engine.csproj", "{752608D2-7E1F-4440-BFCD-54645148CD9C}"
EndProject
Project("{2150E333-8FDC-42A3-9474-1A3956D46DE8}") = "Tests", "Tests", "{49F2853D-DDAE-46F1-8639-F6FF3CE0B0F1}"
EndProject
Project("{FAE04EC0-301F-11D3-BF4B-00C04F79EFBC}") = "PseudoDb.QueryProcessor", "PseudoDb.QueryProcessor\PseudoDb.QueryProcessor.csproj", "{5FA16461-2AEB-493D-BCDB-B9D8FACABB1A}"
EndProject
Project("{FAE04EC0-301F-11D3-BF4B-00C04F79EFBC}") = "PseudoDb.ClientDesktop", "PseudoDb.ClientDesktop\PseudoDb.ClientDesktop.csproj", "{4F679D35-DDDB-4EC4-B62E-D862C94E8B46}"
EndProject
Project("{FAE04EC0-301F-11D3-BF4B-00C04F79EFBC}") = "PseudoDb.Interfaces", "PseudoDb.Interfaces\PseudoDb.Interfaces.csproj", "{B92D794F-3567-448A-BC80-C5C625663731}"
EndProject
Project("{FAE04EC0-301F-11D3-BF4B-00C04F79EFBC}") = "PseudoDb", "PseudoDb\PseudoDb.csproj", "{25A33EA5-6E22-400A-881D-115EC1A1AD3E}"
EndProject
Global
	GlobalSection(SolutionConfigurationPlatforms) = preSolution
		Debug|Any CPU = Debug|Any CPU
		Release|Any CPU = Release|Any CPU
	EndGlobalSection
	GlobalSection(ProjectConfigurationPlatforms) = postSolution
		{752608D2-7E1F-4440-BFCD-54645148CD9C}.Debug|Any CPU.ActiveCfg = Debug|Any CPU
		{752608D2-7E1F-4440-BFCD-54645148CD9C}.Debug|Any CPU.Build.0 = Debug|Any CPU
		{752608D2-7E1F-4440-BFCD-54645148CD9C}.Release|Any CPU.ActiveCfg = Release|Any CPU
		{752608D2-7E1F-4440-BFCD-54645148CD9C}.Release|Any CPU.Build.0 = Release|Any CPU
		{5FA16461-2AEB-493D-BCDB-B9D8FACABB1A}.Debug|Any CPU.ActiveCfg = Debug|Any CPU
		{5FA16461-2AEB-493D-BCDB-B9D8FACABB1A}.Debug|Any CPU.Build.0 = Debug|Any CPU
		{5FA16461-2AEB-493D-BCDB-B9D8FACABB1A}.Release|Any CPU.ActiveCfg = Release|Any CPU
		{5FA16461-2AEB-493D-BCDB-B9D8FACABB1A}.Release|Any CPU.Build.0 = Release|Any CPU
		{4F679D35-DDDB-4EC4-B62E-D862C94E8B46}.Debug|Any CPU.ActiveCfg = Debug|Any CPU
		{4F679D35-DDDB-4EC4-B62E-D862C94E8B46}.Debug|Any CPU.Build.0 = Debug|Any CPU
		{4F679D35-DDDB-4EC4-B62E-D862C94E8B46}.Release|Any CPU.ActiveCfg = Release|Any CPU
		{4F679D35-DDDB-4EC4-B62E-D862C94E8B46}.Release|Any CPU.Build.0 = Release|Any CPU
		{B92D794F-3567-448A-BC80-C5C625663731}.Debug|Any CPU.ActiveCfg = Debug|Any CPU
		{B92D794F-3567-448A-BC80-C5C625663731}.Debug|Any CPU.Build.0 = Debug|Any CPU
		{B92D794F-3567-448A-BC80-C5C625663731}.Release|Any CPU.ActiveCfg = Release|Any CPU
		{B92D794F-3567-448A-BC80-C5C625663731}.Release|Any CPU.Build.0 = Release|Any CPU
		{25A33EA5-6E22-400A-881D-115EC1A1AD3E}.Debug|Any CPU.ActiveCfg = Debug|Any CPU
		{25A33EA5-6E22-400A-881D-115EC1A1AD3E}.Debug|Any CPU.Build.0 = Debug|Any CPU
		{25A33EA5-6E22-400A-881D-115EC1A1AD3E}.Release|Any CPU.ActiveCfg = Release|Any CPU
		{25A33EA5-6E22-400A-881D-115EC1A1AD3E}.Release|Any CPU.Build.0 = Release|Any CPU
	EndGlobalSection
	GlobalSection(SolutionProperties) = preSolution
		HideSolutionNode = FALSE
	EndGlobalSection
	GlobalSection(NestedProjects) = preSolution
		{752608D2-7E1F-4440-BFCD-54645148CD9C} = {2640FECD-2755-4F82-9637-85896D315566}
		{5FA16461-2AEB-493D-BCDB-B9D8FACABB1A} = {2640FECD-2755-4F82-9637-85896D315566}
		{4F679D35-DDDB-4EC4-B62E-D862C94E8B46} = {19A25AD5-E3C7-44D0-A0C7-927CB9DA335B}
		{B92D794F-3567-448A-BC80-C5C625663731} = {2640FECD-2755-4F82-9637-85896D315566}
		{25A33EA5-6E22-400A-881D-115EC1A1AD3E} = {2640FECD-2755-4F82-9637-85896D315566}
	EndGlobalSection
EndGlobal
