
Microsoft Visual Studio Solution File, Format Version 12.00
# Visual Studio 2013
VisualStudioVersion = 12.0.40629.0
MinimumVisualStudioVersion = 10.0.40219.1
Project("{2150E333-8FDC-42A3-9474-1A3956D46DE8}") = "Client", "Client", "{19A25AD5-E3C7-44D0-A0C7-927CB9DA335B}"
EndProject
Project("{2150E333-8FDC-42A3-9474-1A3956D46DE8}") = "Server", "Server", "{2640FECD-2755-4F82-9637-85896D315566}"
EndProject
Project("{FAE04EC0-301F-11D3-BF4B-00C04F79EFBC}") = "PseudoDb.Engine", "PseudoDb.Engine\PseudoDb.Engine.csproj", "{752608D2-7E1F-4440-BFCD-54645148CD9C}"
	ProjectSection(ProjectDependencies) = postProject
		{B92D794F-3567-448A-BC80-C5C625663731} = {B92D794F-3567-448A-BC80-C5C625663731}
		{5FA16461-2AEB-493D-BCDB-B9D8FACABB1A} = {5FA16461-2AEB-493D-BCDB-B9D8FACABB1A}
		{E845EEC6-0E97-4B4F-823C-6A2A4242A76A} = {E845EEC6-0E97-4B4F-823C-6A2A4242A76A}
	EndProjectSection
EndProject
Project("{2150E333-8FDC-42A3-9474-1A3956D46DE8}") = "Tests", "Tests", "{49F2853D-DDAE-46F1-8639-F6FF3CE0B0F1}"
EndProject
Project("{FAE04EC0-301F-11D3-BF4B-00C04F79EFBC}") = "PseudoDb.QueryProcessor", "PseudoDb.QueryProcessor\PseudoDb.QueryProcessor.csproj", "{5FA16461-2AEB-493D-BCDB-B9D8FACABB1A}"
EndProject
Project("{FAE04EC0-301F-11D3-BF4B-00C04F79EFBC}") = "PseudoDb.ClientDesktop", "PseudoDb.ClientDesktop\PseudoDb.ClientDesktop.csproj", "{4F679D35-DDDB-4EC4-B62E-D862C94E8B46}"
	ProjectSection(ProjectDependencies) = postProject
		{5FA16461-2AEB-493D-BCDB-B9D8FACABB1A} = {5FA16461-2AEB-493D-BCDB-B9D8FACABB1A}
		{752608D2-7E1F-4440-BFCD-54645148CD9C} = {752608D2-7E1F-4440-BFCD-54645148CD9C}
	EndProjectSection
EndProject
Project("{FAE04EC0-301F-11D3-BF4B-00C04F79EFBC}") = "PseudoDb.Interfaces", "PseudoDb.Interfaces\PseudoDb.Interfaces.csproj", "{B92D794F-3567-448A-BC80-C5C625663731}"
EndProject
Project("{FAE04EC0-301F-11D3-BF4B-00C04F79EFBC}") = "PseudoDb.StorageProviders", "PseudoDb.StorageProviders\PseudoDb.StorageProviders.csproj", "{E845EEC6-0E97-4B4F-823C-6A2A4242A76A}"
	ProjectSection(ProjectDependencies) = postProject
		{B92D794F-3567-448A-BC80-C5C625663731} = {B92D794F-3567-448A-BC80-C5C625663731}
	EndProjectSection
EndProject
Global
	GlobalSection(SolutionConfigurationPlatforms) = preSolution
		Debug|Any CPU = Debug|Any CPU
		Release|Any CPU = Release|Any CPU
	EndGlobalSection
	GlobalSection(ProjectConfigurationPlatforms) = postSolution
		{752608D2-7E1F-4440-BFCD-54645148CD9C}.Debug|Any CPU.ActiveCfg = Debug|Any CPU
		{752608D2-7E1F-4440-BFCD-54645148CD9C}.Debug|Any CPU.Build.0 = Debug|Any CPU
		{752608D2-7E1F-4440-BFCD-54645148CD9C}.Release|Any CPU.ActiveCfg = Release|Any CPU
		{752608D2-7E1F-4440-BFCD-54645148CD9C}.Release|Any CPU.Build.0 = Release|Any CPU
		{5FA16461-2AEB-493D-BCDB-B9D8FACABB1A}.Debug|Any CPU.ActiveCfg = Debug|Any CPU
		{5FA16461-2AEB-493D-BCDB-B9D8FACABB1A}.Debug|Any CPU.Build.0 = Debug|Any CPU
		{5FA16461-2AEB-493D-BCDB-B9D8FACABB1A}.Release|Any CPU.ActiveCfg = Release|Any CPU
		{5FA16461-2AEB-493D-BCDB-B9D8FACABB1A}.Release|Any CPU.Build.0 = Release|Any CPU
		{4F679D35-DDDB-4EC4-B62E-D862C94E8B46}.Debug|Any CPU.ActiveCfg = Debug|Any CPU
		{4F679D35-DDDB-4EC4-B62E-D862C94E8B46}.Debug|Any CPU.Build.0 = Debug|Any CPU
		{4F679D35-DDDB-4EC4-B62E-D862C94E8B46}.Release|Any CPU.ActiveCfg = Release|Any CPU
		{4F679D35-DDDB-4EC4-B62E-D862C94E8B46}.Release|Any CPU.Build.0 = Release|Any CPU
		{B92D794F-3567-448A-BC80-C5C625663731}.Debug|Any CPU.ActiveCfg = Debug|Any CPU
		{B92D794F-3567-448A-BC80-C5C625663731}.Debug|Any CPU.Build.0 = Debug|Any CPU
		{B92D794F-3567-448A-BC80-C5C625663731}.Release|Any CPU.ActiveCfg = Release|Any CPU
		{B92D794F-3567-448A-BC80-C5C625663731}.Release|Any CPU.Build.0 = Release|Any CPU
		{E845EEC6-0E97-4B4F-823C-6A2A4242A76A}.Debug|Any CPU.ActiveCfg = Debug|Any CPU
		{E845EEC6-0E97-4B4F-823C-6A2A4242A76A}.Debug|Any CPU.Build.0 = Debug|Any CPU
		{E845EEC6-0E97-4B4F-823C-6A2A4242A76A}.Release|Any CPU.ActiveCfg = Release|Any CPU
		{E845EEC6-0E97-4B4F-823C-6A2A4242A76A}.Release|Any CPU.Build.0 = Release|Any CPU
	EndGlobalSection
	GlobalSection(SolutionProperties) = preSolution
		HideSolutionNode = FALSE
	EndGlobalSection
	GlobalSection(NestedProjects) = preSolution
		{752608D2-7E1F-4440-BFCD-54645148CD9C} = {2640FECD-2755-4F82-9637-85896D315566}
		{5FA16461-2AEB-493D-BCDB-B9D8FACABB1A} = {2640FECD-2755-4F82-9637-85896D315566}
		{4F679D35-DDDB-4EC4-B62E-D862C94E8B46} = {19A25AD5-E3C7-44D0-A0C7-927CB9DA335B}
		{B92D794F-3567-448A-BC80-C5C625663731} = {2640FECD-2755-4F82-9637-85896D315566}
		{E845EEC6-0E97-4B4F-823C-6A2A4242A76A} = {2640FECD-2755-4F82-9637-85896D315566}
	EndGlobalSection
EndGlobal
